
Microsoft Visual Studio Solution File, Format Version 12.00
# Visual Studio 14
VisualStudioVersion = 14.0.25420.1
MinimumVisualStudioVersion = 10.0.40219.1
Project("{FAE04EC0-301F-11D3-BF4B-00C04F79EFBC}") = "fjtc.com", "fjtc.com\fjtc.com.csproj", "{97DBA6D0-B5A2-4FE0-A4BC-5BC73BAE4602}"
EndProject
Project("{FAE04EC0-301F-11D3-BF4B-00C04F79EFBC}") = "Fjtc.Model", "Fjtc.Model\Fjtc.Model.csproj", "{40DB96CB-9095-45D6-9C1C-7A81DC08AA33}"
EndProject
Project("{FAE04EC0-301F-11D3-BF4B-00C04F79EFBC}") = "Fjtc.DAL", "Fjtc.DAL\Fjtc.DAL.csproj", "{77C5A01B-43B1-48D5-9A6A-4DAD01C135F3}"
EndProject
Project("{FAE04EC0-301F-11D3-BF4B-00C04F79EFBC}") = "Fjtc.BLL", "Fjtc.BLL\Fjtc.BLL.csproj", "{6325681C-F223-40A5-BD24-06746962A62A}"
EndProject
Project("{2150E333-8FDC-42A3-9474-1A3956D46DE8}") = "三层", "三层", "{F889DDD0-7592-4D35-84F0-84913B857AF8}"
EndProject
Project("{FAE04EC0-301F-11D3-BF4B-00C04F79EFBC}") = "Fjtc.DbHelper", "Fjtc.DbHelper\Fjtc.DbHelper.csproj", "{6A1EB09F-02C2-458D-BA42-A9DE9D33A1BF}"
EndProject
Project("{FAE04EC0-301F-11D3-BF4B-00C04F79EFBC}") = "admin.fjtc.com", "admin.fjtc.com\admin.fjtc.com.csproj", "{C7CC9CDC-5F36-452E-A02D-D7B45B7B709F}"
EndProject
Project("{FAE04EC0-301F-11D3-BF4B-00C04F79EFBC}") = "Fjtc", "Fjtc\Fjtc.csproj", "{97BAD071-C55D-4854-92D6-227A628E44BF}"
EndProject
Project("{FAE04EC0-301F-11D3-BF4B-00C04F79EFBC}") = "Fjtc.Common", "Fjtc.Common\Fjtc.Common.csproj", "{84299FD4-9EFA-44C8-9367-472122F8D080}"
EndProject
Project("{FAE04EC0-301F-11D3-BF4B-00C04F79EFBC}") = "Fjtc.MpWeiXin", "Fjtc.MpWeiXin\Fjtc.MpWeiXin.csproj", "{8E313094-8437-48F4-985D-267286939D10}"
EndProject
Project("{2150E333-8FDC-42A3-9474-1A3956D46DE8}") = "总后台", "总后台", "{4FC5D6B0-40AB-4E90-A665-BA0FB16C910A}"
EndProject
Project("{2150E333-8FDC-42A3-9474-1A3956D46DE8}") = "客户站点", "客户站点", "{EC67E09C-A43A-4735-AE14-2C2F578409AB}"
EndProject
Project("{2150E333-8FDC-42A3-9474-1A3956D46DE8}") = "团队", "团队", "{B5C96CBD-7FBF-4419-8C5B-42F84250D014}"
EndProject
Project("{FAE04EC0-301F-11D3-BF4B-00C04F79EFBC}") = "cms.rponey.cc.Utilty", "cms.rponey.cc.Utilty\cms.rponey.cc.Utilty.csproj", "{CC920A91-40F8-48CF-A694-F53B25E991D7}"
EndProject
Project("{2150E333-8FDC-42A3-9474-1A3956D46DE8}") = "单元测试", "单元测试", "{CBFB9D1A-3A9A-42F6-92C3-7C3264A69554}"
EndProject
Project("{FAE04EC0-301F-11D3-BF4B-00C04F79EFBC}") = "fjtc.UnitTest", "fjtc.UnitTest\fjtc.UnitTest.csproj", "{854FE3B9-3B5F-4A3F-9940-2122873BEED7}"
EndProject
Global
	GlobalSection(SolutionConfigurationPlatforms) = preSolution
		Debug|Any CPU = Debug|Any CPU
		Release|Any CPU = Release|Any CPU
	EndGlobalSection
	GlobalSection(ProjectConfigurationPlatforms) = postSolution
		{97DBA6D0-B5A2-4FE0-A4BC-5BC73BAE4602}.Debug|Any CPU.ActiveCfg = Debug|Any CPU
		{97DBA6D0-B5A2-4FE0-A4BC-5BC73BAE4602}.Debug|Any CPU.Build.0 = Debug|Any CPU
		{97DBA6D0-B5A2-4FE0-A4BC-5BC73BAE4602}.Release|Any CPU.ActiveCfg = Release|Any CPU
		{97DBA6D0-B5A2-4FE0-A4BC-5BC73BAE4602}.Release|Any CPU.Build.0 = Release|Any CPU
		{40DB96CB-9095-45D6-9C1C-7A81DC08AA33}.Debug|Any CPU.ActiveCfg = Debug|Any CPU
		{40DB96CB-9095-45D6-9C1C-7A81DC08AA33}.Debug|Any CPU.Build.0 = Debug|Any CPU
		{40DB96CB-9095-45D6-9C1C-7A81DC08AA33}.Release|Any CPU.ActiveCfg = Release|Any CPU
		{40DB96CB-9095-45D6-9C1C-7A81DC08AA33}.Release|Any CPU.Build.0 = Release|Any CPU
		{77C5A01B-43B1-48D5-9A6A-4DAD01C135F3}.Debug|Any CPU.ActiveCfg = Debug|Any CPU
		{77C5A01B-43B1-48D5-9A6A-4DAD01C135F3}.Debug|Any CPU.Build.0 = Debug|Any CPU
		{77C5A01B-43B1-48D5-9A6A-4DAD01C135F3}.Release|Any CPU.ActiveCfg = Release|Any CPU
		{77C5A01B-43B1-48D5-9A6A-4DAD01C135F3}.Release|Any CPU.Build.0 = Release|Any CPU
		{6325681C-F223-40A5-BD24-06746962A62A}.Debug|Any CPU.ActiveCfg = Debug|Any CPU
		{6325681C-F223-40A5-BD24-06746962A62A}.Debug|Any CPU.Build.0 = Debug|Any CPU
		{6325681C-F223-40A5-BD24-06746962A62A}.Release|Any CPU.ActiveCfg = Release|Any CPU
		{6325681C-F223-40A5-BD24-06746962A62A}.Release|Any CPU.Build.0 = Release|Any CPU
		{6A1EB09F-02C2-458D-BA42-A9DE9D33A1BF}.Debug|Any CPU.ActiveCfg = Debug|Any CPU
		{6A1EB09F-02C2-458D-BA42-A9DE9D33A1BF}.Debug|Any CPU.Build.0 = Debug|Any CPU
		{6A1EB09F-02C2-458D-BA42-A9DE9D33A1BF}.Release|Any CPU.ActiveCfg = Release|Any CPU
		{6A1EB09F-02C2-458D-BA42-A9DE9D33A1BF}.Release|Any CPU.Build.0 = Release|Any CPU
		{C7CC9CDC-5F36-452E-A02D-D7B45B7B709F}.Debug|Any CPU.ActiveCfg = Debug|Any CPU
		{C7CC9CDC-5F36-452E-A02D-D7B45B7B709F}.Debug|Any CPU.Build.0 = Debug|Any CPU
		{C7CC9CDC-5F36-452E-A02D-D7B45B7B709F}.Release|Any CPU.ActiveCfg = Release|Any CPU
		{C7CC9CDC-5F36-452E-A02D-D7B45B7B709F}.Release|Any CPU.Build.0 = Release|Any CPU
		{97BAD071-C55D-4854-92D6-227A628E44BF}.Debug|Any CPU.ActiveCfg = Debug|Any CPU
		{97BAD071-C55D-4854-92D6-227A628E44BF}.Debug|Any CPU.Build.0 = Debug|Any CPU
		{97BAD071-C55D-4854-92D6-227A628E44BF}.Release|Any CPU.ActiveCfg = Release|Any CPU
		{97BAD071-C55D-4854-92D6-227A628E44BF}.Release|Any CPU.Build.0 = Release|Any CPU
		{84299FD4-9EFA-44C8-9367-472122F8D080}.Debug|Any CPU.ActiveCfg = Debug|Any CPU
		{84299FD4-9EFA-44C8-9367-472122F8D080}.Debug|Any CPU.Build.0 = Debug|Any CPU
		{84299FD4-9EFA-44C8-9367-472122F8D080}.Release|Any CPU.ActiveCfg = Release|Any CPU
		{84299FD4-9EFA-44C8-9367-472122F8D080}.Release|Any CPU.Build.0 = Release|Any CPU
		{8E313094-8437-48F4-985D-267286939D10}.Debug|Any CPU.ActiveCfg = Debug|Any CPU
		{8E313094-8437-48F4-985D-267286939D10}.Debug|Any CPU.Build.0 = Debug|Any CPU
		{8E313094-8437-48F4-985D-267286939D10}.Release|Any CPU.ActiveCfg = Release|Any CPU
		{8E313094-8437-48F4-985D-267286939D10}.Release|Any CPU.Build.0 = Release|Any CPU
		{CC920A91-40F8-48CF-A694-F53B25E991D7}.Debug|Any CPU.ActiveCfg = Debug|Any CPU
		{CC920A91-40F8-48CF-A694-F53B25E991D7}.Debug|Any CPU.Build.0 = Debug|Any CPU
		{CC920A91-40F8-48CF-A694-F53B25E991D7}.Release|Any CPU.ActiveCfg = Release|Any CPU
		{CC920A91-40F8-48CF-A694-F53B25E991D7}.Release|Any CPU.Build.0 = Release|Any CPU
		{854FE3B9-3B5F-4A3F-9940-2122873BEED7}.Debug|Any CPU.ActiveCfg = Debug|Any CPU
		{854FE3B9-3B5F-4A3F-9940-2122873BEED7}.Debug|Any CPU.Build.0 = Debug|Any CPU
		{854FE3B9-3B5F-4A3F-9940-2122873BEED7}.Release|Any CPU.ActiveCfg = Release|Any CPU
		{854FE3B9-3B5F-4A3F-9940-2122873BEED7}.Release|Any CPU.Build.0 = Release|Any CPU
	EndGlobalSection
	GlobalSection(SolutionProperties) = preSolution
		HideSolutionNode = FALSE
	EndGlobalSection
	GlobalSection(NestedProjects) = preSolution
		{97DBA6D0-B5A2-4FE0-A4BC-5BC73BAE4602} = {EC67E09C-A43A-4735-AE14-2C2F578409AB}
		{40DB96CB-9095-45D6-9C1C-7A81DC08AA33} = {F889DDD0-7592-4D35-84F0-84913B857AF8}
		{77C5A01B-43B1-48D5-9A6A-4DAD01C135F3} = {F889DDD0-7592-4D35-84F0-84913B857AF8}
		{6325681C-F223-40A5-BD24-06746962A62A} = {F889DDD0-7592-4D35-84F0-84913B857AF8}
		{6A1EB09F-02C2-458D-BA42-A9DE9D33A1BF} = {B5C96CBD-7FBF-4419-8C5B-42F84250D014}
		{C7CC9CDC-5F36-452E-A02D-D7B45B7B709F} = {4FC5D6B0-40AB-4E90-A665-BA0FB16C910A}
		{97BAD071-C55D-4854-92D6-227A628E44BF} = {B5C96CBD-7FBF-4419-8C5B-42F84250D014}
		{84299FD4-9EFA-44C8-9367-472122F8D080} = {B5C96CBD-7FBF-4419-8C5B-42F84250D014}
		{8E313094-8437-48F4-985D-267286939D10} = {B5C96CBD-7FBF-4419-8C5B-42F84250D014}
		{CC920A91-40F8-48CF-A694-F53B25E991D7} = {B5C96CBD-7FBF-4419-8C5B-42F84250D014}
		{854FE3B9-3B5F-4A3F-9940-2122873BEED7} = {CBFB9D1A-3A9A-42F6-92C3-7C3264A69554}
	EndGlobalSection
EndGlobal
